// !$*UTF8*$!
{
	archiveVersion = 1;
	classes = {
	};
	objectVersion = 55;
	objects = {

/* Begin PBXBuildFile section */
		ECCDB122270BE07900B3B3B1 /* AppDelegate.swift in Sources */ = {isa = PBXBuildFile; fileRef = ECCDB121270BE07900B3B3B1 /* AppDelegate.swift */; };
		ECCDB124270BE07900B3B3B1 /* SceneDelegate.swift in Sources */ = {isa = PBXBuildFile; fileRef = ECCDB123270BE07900B3B3B1 /* SceneDelegate.swift */; };
		ECCDB126270BE07900B3B3B1 /* LoginViewController.swift in Sources */ = {isa = PBXBuildFile; fileRef = ECCDB125270BE07900B3B3B1 /* LoginViewController.swift */; };
		ECCDB129270BE07900B3B3B1 /* Main.storyboard in Resources */ = {isa = PBXBuildFile; fileRef = ECCDB127270BE07900B3B3B1 /* Main.storyboard */; };
		ECCDB12C270BE07900B3B3B1 /* ArrowGoal.xcdatamodeld in Sources */ = {isa = PBXBuildFile; fileRef = ECCDB12A270BE07900B3B3B1 /* ArrowGoal.xcdatamodeld */; };
		ECCDB12E270BE07B00B3B3B1 /* Assets.xcassets in Resources */ = {isa = PBXBuildFile; fileRef = ECCDB12D270BE07B00B3B3B1 /* Assets.xcassets */; };
		ECCDB131270BE07B00B3B3B1 /* LaunchScreen.storyboard in Resources */ = {isa = PBXBuildFile; fileRef = ECCDB12F270BE07B00B3B3B1 /* LaunchScreen.storyboard */; };
/* End PBXBuildFile section */

/* Begin PBXFileReference section */
		ECCDB11E270BE07900B3B3B1 /* ArrowGoal.app */ = {isa = PBXFileReference; explicitFileType = wrapper.application; includeInIndex = 0; path = ArrowGoal.app; sourceTree = BUILT_PRODUCTS_DIR; };
		ECCDB121270BE07900B3B3B1 /* AppDelegate.swift */ = {isa = PBXFileReference; lastKnownFileType = sourcecode.swift; path = AppDelegate.swift; sourceTree = "<group>"; };
		ECCDB123270BE07900B3B3B1 /* SceneDelegate.swift */ = {isa = PBXFileReference; lastKnownFileType = sourcecode.swift; path = SceneDelegate.swift; sourceTree = "<group>"; };
		ECCDB125270BE07900B3B3B1 /* LoginViewController.swift */ = {isa = PBXFileReference; lastKnownFileType = sourcecode.swift; path = LoginViewController.swift; sourceTree = "<group>"; };
		ECCDB128270BE07900B3B3B1 /* Base */ = {isa = PBXFileReference; lastKnownFileType = file.storyboard; name = Base; path = Base.lproj/Main.storyboard; sourceTree = "<group>"; };
		ECCDB12B270BE07900B3B3B1 /* ArrowGoal.xcdatamodel */ = {isa = PBXFileReference; lastKnownFileType = wrapper.xcdatamodel; path = ArrowGoal.xcdatamodel; sourceTree = "<group>"; };
		ECCDB12D270BE07B00B3B3B1 /* Assets.xcassets */ = {isa = PBXFileReference; lastKnownFileType = folder.assetcatalog; path = Assets.xcassets; sourceTree = "<group>"; };
		ECCDB130270BE07B00B3B3B1 /* Base */ = {isa = PBXFileReference; lastKnownFileType = file.storyboard; name = Base; path = Base.lproj/LaunchScreen.storyboard; sourceTree = "<group>"; };
		ECCDB132270BE07B00B3B3B1 /* Info.plist */ = {isa = PBXFileReference; lastKnownFileType = text.plist.xml; path = Info.plist; sourceTree = "<group>"; };
/* End PBXFileReference section */

/* Begin PBXFrameworksBuildPhase section */
		ECCDB11B270BE07900B3B3B1 /* Frameworks */ = {
			isa = PBXFrameworksBuildPhase;
			buildActionMask = 2147483647;
			files = (
			);
			runOnlyForDeploymentPostprocessing = 0;
		};
/* End PBXFrameworksBuildPhase section */

/* Begin PBXGroup section */
		ECCDB115270BE07900B3B3B1 = {
			isa = PBXGroup;
			children = (
				ECCDB120270BE07900B3B3B1 /* ArrowGoal */,
				ECCDB11F270BE07900B3B3B1 /* Products */,
			);
			sourceTree = "<group>";
		};
		ECCDB11F270BE07900B3B3B1 /* Products */ = {
			isa = PBXGroup;
			children = (
				ECCDB11E270BE07900B3B3B1 /* ArrowGoal.app */,
			);
			name = Products;
			sourceTree = "<group>";
		};
		ECCDB120270BE07900B3B3B1 /* ArrowGoal */ = {
			isa = PBXGroup;
			children = (
				ECCDB132270BE07B00B3B3B1 /* Info.plist */,
				ECCDB13F270BE42900B3B3B1 /* Data */,
				ECCDB13B270BE32900B3B3B1 /* Scene */,
				ECCDB13A270BE30400B3B3B1 /* Resource */,
				ECCDB139270BE29A00B3B3B1 /* App Delegate */,
			);
			path = ArrowGoal;
			sourceTree = "<group>";
		};
		ECCDB139270BE29A00B3B3B1 /* App Delegate */ = {
			isa = PBXGroup;
			children = (
				ECCDB121270BE07900B3B3B1 /* AppDelegate.swift */,
				ECCDB123270BE07900B3B3B1 /* SceneDelegate.swift */,
			);
			path = "App Delegate";
			sourceTree = "<group>";
		};
		ECCDB13A270BE30400B3B3B1 /* Resource */ = {
			isa = PBXGroup;
			children = (
				ECCDB12D270BE07B00B3B3B1 /* Assets.xcassets */,
			);
			path = Resource;
			sourceTree = "<group>";
		};
		ECCDB13B270BE32900B3B3B1 /* Scene */ = {
			isa = PBXGroup;
			children = (
				ECCDB13E270BE36E00B3B3B1 /* Login */,
				ECCDB13D270BE35D00B3B3B1 /* LaunchScreen */,
				ECCDB13C270BE33300B3B3B1 /* Storyboards */,
			);
			path = Scene;
			sourceTree = "<group>";
		};
		ECCDB13C270BE33300B3B3B1 /* Storyboards */ = {
			isa = PBXGroup;
			children = (
				ECCDB127270BE07900B3B3B1 /* Main.storyboard */,
			);
			path = Storyboards;
			sourceTree = "<group>";
		};
		ECCDB13D270BE35D00B3B3B1 /* LaunchScreen */ = {
			isa = PBXGroup;
			children = (
				ECCDB12F270BE07B00B3B3B1 /* LaunchScreen.storyboard */,
			);
			path = LaunchScreen;
			sourceTree = "<group>";
		};
		ECCDB13E270BE36E00B3B3B1 /* Login */ = {
			isa = PBXGroup;
			children = (
				ECCDB125270BE07900B3B3B1 /* LoginViewController.swift */,
			);
			path = Login;
			sourceTree = "<group>";
		};
		ECCDB13F270BE42900B3B3B1 /* Data */ = {
			isa = PBXGroup;
			children = (
				ECCDB140270BE43C00B3B3B1 /* CoreData */,
			);
			path = Data;
			sourceTree = "<group>";
		};
		ECCDB140270BE43C00B3B3B1 /* CoreData */ = {
			isa = PBXGroup;
			children = (
				ECCDB12A270BE07900B3B3B1 /* ArrowGoal.xcdatamodeld */,
			);
			path = CoreData;
			sourceTree = "<group>";
		};
/* End PBXGroup section */

/* Begin PBXNativeTarget section */
		ECCDB11D270BE07900B3B3B1 /* ArrowGoal */ = {
			isa = PBXNativeTarget;
			buildConfigurationList = ECCDB135270BE07B00B3B3B1 /* Build configuration list for PBXNativeTarget "ArrowGoal" */;
			buildPhases = (
				ECCDB11A270BE07900B3B3B1 /* Sources */,
				ECCDB11B270BE07900B3B3B1 /* Frameworks */,
				ECCDB11C270BE07900B3B3B1 /* Resources */,
			);
			buildRules = (
			);
			dependencies = (
			);
			name = ArrowGoal;
			productName = ArrowGoal;
			productReference = ECCDB11E270BE07900B3B3B1 /* ArrowGoal.app */;
			productType = "com.apple.product-type.application";
		};
/* End PBXNativeTarget section */

/* Begin PBXProject section */
		ECCDB116270BE07900B3B3B1 /* Project object */ = {
			isa = PBXProject;
			attributes = {
				BuildIndependentTargetsInParallel = 1;
				LastSwiftUpdateCheck = 1300;
				LastUpgradeCheck = 1300;
				TargetAttributes = {
					ECCDB11D270BE07900B3B3B1 = {
						CreatedOnToolsVersion = 13.0;
					};
				};
			};
			buildConfigurationList = ECCDB119270BE07900B3B3B1 /* Build configuration list for PBXProject "ArrowGoal" */;
			compatibilityVersion = "Xcode 13.0";
			developmentRegion = en;
			hasScannedForEncodings = 0;
			knownRegions = (
				en,
				Base,
			);
			mainGroup = ECCDB115270BE07900B3B3B1;
			productRefGroup = ECCDB11F270BE07900B3B3B1 /* Products */;
			projectDirPath = "";
			projectRoot = "";
			targets = (
				ECCDB11D270BE07900B3B3B1 /* ArrowGoal */,
			);
		};
/* End PBXProject section */

/* Begin PBXResourcesBuildPhase section */
		ECCDB11C270BE07900B3B3B1 /* Resources */ = {
			isa = PBXResourcesBuildPhase;
			buildActionMask = 2147483647;
			files = (
				ECCDB131270BE07B00B3B3B1 /* LaunchScreen.storyboard in Resources */,
				ECCDB12E270BE07B00B3B3B1 /* Assets.xcassets in Resources */,
				ECCDB129270BE07900B3B3B1 /* Main.storyboard in Resources */,
			);
			runOnlyForDeploymentPostprocessing = 0;
		};
/* End PBXResourcesBuildPhase section */

/* Begin PBXSourcesBuildPhase section */
		ECCDB11A270BE07900B3B3B1 /* Sources */ = {
			isa = PBXSourcesBuildPhase;
			buildActionMask = 2147483647;
			files = (
				ECCDB12C270BE07900B3B3B1 /* ArrowGoal.xcdatamodeld in Sources */,
				ECCDB126270BE07900B3B3B1 /* LoginViewController.swift in Sources */,
				ECCDB122270BE07900B3B3B1 /* AppDelegate.swift in Sources */,
				ECCDB124270BE07900B3B3B1 /* SceneDelegate.swift in Sources */,
			);
			runOnlyForDeploymentPostprocessing = 0;
		};
/* End PBXSourcesBuildPhase section */

/* Begin PBXVariantGroup section */
		ECCDB127270BE07900B3B3B1 /* Main.storyboard */ = {
			isa = PBXVariantGroup;
			children = (
				ECCDB128270BE07900B3B3B1 /* Base */,
			);
			name = Main.storyboard;
			sourceTree = "<group>";
		};
		ECCDB12F270BE07B00B3B3B1 /* LaunchScreen.storyboard */ = {
			isa = PBXVariantGroup;
			children = (
				ECCDB130270BE07B00B3B3B1 /* Base */,
			);
			name = LaunchScreen.storyboard;
			sourceTree = "<group>";
		};
/* End PBXVariantGroup section */

/* Begin XCBuildConfiguration section */
		ECCDB133270BE07B00B3B3B1 /* Debug */ = {
			isa = XCBuildConfiguration;
			buildSettings = {
				ALWAYS_SEARCH_USER_PATHS = NO;
				CLANG_ANALYZER_NONNULL = YES;
				CLANG_ANALYZER_NUMBER_OBJECT_CONVERSION = YES_AGGRESSIVE;
				CLANG_CXX_LANGUAGE_STANDARD = "gnu++17";
				CLANG_CXX_LIBRARY = "libc++";
				CLANG_ENABLE_MODULES = YES;
				CLANG_ENABLE_OBJC_ARC = YES;
				CLANG_ENABLE_OBJC_WEAK = YES;
				CLANG_WARN_BLOCK_CAPTURE_AUTORELEASING = YES;
				CLANG_WARN_BOOL_CONVERSION = YES;
				CLANG_WARN_COMMA = YES;
				CLANG_WARN_CONSTANT_CONVERSION = YES;
				CLANG_WARN_DEPRECATED_OBJC_IMPLEMENTATIONS = YES;
				CLANG_WARN_DIRECT_OBJC_ISA_USAGE = YES_ERROR;
				CLANG_WARN_DOCUMENTATION_COMMENTS = YES;
				CLANG_WARN_EMPTY_BODY = YES;
				CLANG_WARN_ENUM_CONVERSION = YES;
				CLANG_WARN_INFINITE_RECURSION = YES;
				CLANG_WARN_INT_CONVERSION = YES;
				CLANG_WARN_NON_LITERAL_NULL_CONVERSION = YES;
				CLANG_WARN_OBJC_IMPLICIT_RETAIN_SELF = YES;
				CLANG_WARN_OBJC_LITERAL_CONVERSION = YES;
				CLANG_WARN_OBJC_ROOT_CLASS = YES_ERROR;
				CLANG_WARN_QUOTED_INCLUDE_IN_FRAMEWORK_HEADER = YES;
				CLANG_WARN_RANGE_LOOP_ANALYSIS = YES;
				CLANG_WARN_STRICT_PROTOTYPES = YES;
				CLANG_WARN_SUSPICIOUS_MOVE = YES;
				CLANG_WARN_UNGUARDED_AVAILABILITY = YES_AGGRESSIVE;
				CLANG_WARN_UNREACHABLE_CODE = YES;
				CLANG_WARN__DUPLICATE_METHOD_MATCH = YES;
				COPY_PHASE_STRIP = NO;
				DEBUG_INFORMATION_FORMAT = dwarf;
				ENABLE_STRICT_OBJC_MSGSEND = YES;
				ENABLE_TESTABILITY = YES;
				GCC_C_LANGUAGE_STANDARD = gnu11;
				GCC_DYNAMIC_NO_PIC = NO;
				GCC_NO_COMMON_BLOCKS = YES;
				GCC_OPTIMIZATION_LEVEL = 0;
				GCC_PREPROCESSOR_DEFINITIONS = (
					"DEBUG=1",
					"$(inherited)",
				);
				GCC_WARN_64_TO_32_BIT_CONVERSION = YES;
				GCC_WARN_ABOUT_RETURN_TYPE = YES_ERROR;
				GCC_WARN_UNDECLARED_SELECTOR = YES;
				GCC_WARN_UNINITIALIZED_AUTOS = YES_AGGRESSIVE;
				GCC_WARN_UNUSED_FUNCTION = YES;
				GCC_WARN_UNUSED_VARIABLE = YES;
				IPHONEOS_DEPLOYMENT_TARGET = 15.0;
				MTL_ENABLE_DEBUG_INFO = INCLUDE_SOURCE;
				MTL_FAST_MATH = YES;
				ONLY_ACTIVE_ARCH = YES;
				SDKROOT = iphoneos;
				SWIFT_ACTIVE_COMPILATION_CONDITIONS = DEBUG;
				SWIFT_OPTIMIZATION_LEVEL = "-Onone";
			};
			name = Debug;
		};
		ECCDB134270BE07B00B3B3B1 /* Release */ = {
			isa = XCBuildConfiguration;
			buildSettings = {
				ALWAYS_SEARCH_USER_PATHS = NO;
				CLANG_ANALYZER_NONNULL = YES;
				CLANG_ANALYZER_NUMBER_OBJECT_CONVERSION = YES_AGGRESSIVE;
				CLANG_CXX_LANGUAGE_STANDARD = "gnu++17";
				CLANG_CXX_LIBRARY = "libc++";
				CLANG_ENABLE_MODULES = YES;
				CLANG_ENABLE_OBJC_ARC = YES;
				CLANG_ENABLE_OBJC_WEAK = YES;
				CLANG_WARN_BLOCK_CAPTURE_AUTORELEASING = YES;
				CLANG_WARN_BOOL_CONVERSION = YES;
				CLANG_WARN_COMMA = YES;
				CLANG_WARN_CONSTANT_CONVERSION = YES;
				CLANG_WARN_DEPRECATED_OBJC_IMPLEMENTATIONS = YES;
				CLANG_WARN_DIRECT_OBJC_ISA_USAGE = YES_ERROR;
				CLANG_WARN_DOCUMENTATION_COMMENTS = YES;
				CLANG_WARN_EMPTY_BODY = YES;
				CLANG_WARN_ENUM_CONVERSION = YES;
				CLANG_WARN_INFINITE_RECURSION = YES;
				CLANG_WARN_INT_CONVERSION = YES;
				CLANG_WARN_NON_LITERAL_NULL_CONVERSION = YES;
				CLANG_WARN_OBJC_IMPLICIT_RETAIN_SELF = YES;
				CLANG_WARN_OBJC_LITERAL_CONVERSION = YES;
				CLANG_WARN_OBJC_ROOT_CLASS = YES_ERROR;
				CLANG_WARN_QUOTED_INCLUDE_IN_FRAMEWORK_HEADER = YES;
				CLANG_WARN_RANGE_LOOP_ANALYSIS = YES;
				CLANG_WARN_STRICT_PROTOTYPES = YES;
				CLANG_WARN_SUSPICIOUS_MOVE = YES;
				CLANG_WARN_UNGUARDED_AVAILABILITY = YES_AGGRESSIVE;
				CLANG_WARN_UNREACHABLE_CODE = YES;
				CLANG_WARN__DUPLICATE_METHOD_MATCH = YES;
				COPY_PHASE_STRIP = NO;
				DEBUG_INFORMATION_FORMAT = "dwarf-with-dsym";
				ENABLE_NS_ASSERTIONS = NO;
				ENABLE_STRICT_OBJC_MSGSEND = YES;
				GCC_C_LANGUAGE_STANDARD = gnu11;
				GCC_NO_COMMON_BLOCKS = YES;
				GCC_WARN_64_TO_32_BIT_CONVERSION = YES;
				GCC_WARN_ABOUT_RETURN_TYPE = YES_ERROR;
				GCC_WARN_UNDECLARED_SELECTOR = YES;
				GCC_WARN_UNINITIALIZED_AUTOS = YES_AGGRESSIVE;
				GCC_WARN_UNUSED_FUNCTION = YES;
				GCC_WARN_UNUSED_VARIABLE = YES;
				IPHONEOS_DEPLOYMENT_TARGET = 15.0;
				MTL_ENABLE_DEBUG_INFO = NO;
				MTL_FAST_MATH = YES;
				SDKROOT = iphoneos;
				SWIFT_COMPILATION_MODE = wholemodule;
				SWIFT_OPTIMIZATION_LEVEL = "-O";
				VALIDATE_PRODUCT = YES;
			};
			name = Release;
		};
		ECCDB136270BE07B00B3B3B1 /* Debug */ = {
			isa = XCBuildConfiguration;
			buildSettings = {
				ASSETCATALOG_COMPILER_APPICON_NAME = AppIcon;
				ASSETCATALOG_COMPILER_GLOBAL_ACCENT_COLOR_NAME = AccentColor;
				CODE_SIGN_STYLE = Automatic;
				CURRENT_PROJECT_VERSION = 1;
				DEVELOPMENT_TEAM = 7X6CSKVAS2;
				GENERATE_INFOPLIST_FILE = YES;
				INFOPLIST_FILE = ArrowGoal/Info.plist;
				INFOPLIST_KEY_UIApplicationSupportsIndirectInputEvents = YES;
				INFOPLIST_KEY_UILaunchStoryboardName = LaunchScreen;
				INFOPLIST_KEY_UIMainStoryboardFile = Main;
				INFOPLIST_KEY_UISupportedInterfaceOrientations_iPad = "UIInterfaceOrientationPortrait UIInterfaceOrientationPortraitUpsideDown UIInterfaceOrientationLandscapeLeft UIInterfaceOrientationLandscapeRight";
				INFOPLIST_KEY_UISupportedInterfaceOrientations_iPhone = "UIInterfaceOrientationPortrait UIInterfaceOrientationLandscapeLeft UIInterfaceOrientationLandscapeRight";
				LD_RUNPATH_SEARCH_PATHS = (
					"$(inherited)",
					"@executable_path/Frameworks",
				);
				MARKETING_VERSION = 1.0;
				PRODUCT_BUNDLE_IDENTIFIER = com.tk1.ArrowGoal;
				PRODUCT_NAME = "$(TARGET_NAME)";
				SWIFT_EMIT_LOC_STRINGS = YES;
				SWIFT_VERSION = 5.0;
				TARGETED_DEVICE_FAMILY = "1,2";
			};
			name = Debug;
		};
		ECCDB137270BE07B00B3B3B1 /* Release */ = {
			isa = XCBuildConfiguration;
			buildSettings = {
				ASSETCATALOG_COMPILER_APPICON_NAME = AppIcon;
				ASSETCATALOG_COMPILER_GLOBAL_ACCENT_COLOR_NAME = AccentColor;
				CODE_SIGN_STYLE = Automatic;
				CURRENT_PROJECT_VERSION = 1;
				DEVELOPMENT_TEAM = 7X6CSKVAS2;
				GENERATE_INFOPLIST_FILE = YES;
				INFOPLIST_FILE = ArrowGoal/Info.plist;
				INFOPLIST_KEY_UIApplicationSupportsIndirectInputEvents = YES;
				INFOPLIST_KEY_UILaunchStoryboardName = LaunchScreen;
				INFOPLIST_KEY_UIMainStoryboardFile = Main;
				INFOPLIST_KEY_UISupportedInterfaceOrientations_iPad = "UIInterfaceOrientationPortrait UIInterfaceOrientationPortraitUpsideDown UIInterfaceOrientationLandscapeLeft UIInterfaceOrientationLandscapeRight";
				INFOPLIST_KEY_UISupportedInterfaceOrientations_iPhone = "UIInterfaceOrientationPortrait UIInterfaceOrientationLandscapeLeft UIInterfaceOrientationLandscapeRight";
				LD_RUNPATH_SEARCH_PATHS = (
					"$(inherited)",
					"@executable_path/Frameworks",
				);
				MARKETING_VERSION = 1.0;
				PRODUCT_BUNDLE_IDENTIFIER = com.tk1.ArrowGoal;
				PRODUCT_NAME = "$(TARGET_NAME)";
				SWIFT_EMIT_LOC_STRINGS = YES;
				SWIFT_VERSION = 5.0;
				TARGETED_DEVICE_FAMILY = "1,2";
			};
			name = Release;
		};
/* End XCBuildConfiguration section */

/* Begin XCConfigurationList section */
		ECCDB119270BE07900B3B3B1 /* Build configuration list for PBXProject "ArrowGoal" */ = {
			isa = XCConfigurationList;
			buildConfigurations = (
				ECCDB133270BE07B00B3B3B1 /* Debug */,
				ECCDB134270BE07B00B3B3B1 /* Release */,
			);
			defaultConfigurationIsVisible = 0;
			defaultConfigurationName = Release;
		};
		ECCDB135270BE07B00B3B3B1 /* Build configuration list for PBXNativeTarget "ArrowGoal" */ = {
			isa = XCConfigurationList;
			buildConfigurations = (
				ECCDB136270BE07B00B3B3B1 /* Debug */,
				ECCDB137270BE07B00B3B3B1 /* Release */,
			);
			defaultConfigurationIsVisible = 0;
			defaultConfigurationName = Release;
		};
/* End XCConfigurationList section */

/* Begin XCVersionGroup section */
		ECCDB12A270BE07900B3B3B1 /* ArrowGoal.xcdatamodeld */ = {
			isa = XCVersionGroup;
			children = (
				ECCDB12B270BE07900B3B3B1 /* ArrowGoal.xcdatamodel */,
			);
			currentVersion = ECCDB12B270BE07900B3B3B1 /* ArrowGoal.xcdatamodel */;
			path = ArrowGoal.xcdatamodeld;
			sourceTree = "<group>";
			versionGroupType = wrapper.xcdatamodel;
		};
/* End XCVersionGroup section */
	};
	rootObject = ECCDB116270BE07900B3B3B1 /* Project object */;
}
